
Microsoft Visual Studio Solution File, Format Version 12.00
Project("{FAE04EC0-301F-11D3-BF4B-00C04F79EFBC}") = "cqrs.template.api.v1", "src/cqrs.template.api.v1\cqrs.template.api.v1.csproj", "{2FA777D6-8B26-4380-9ABF-837C1C2A59E0}"
EndProject
Project("{2150E333-8FDC-42A3-9474-1A3956D46DE8}") = "01 - Presentation", "01 - Presentation", "{9DBA9B17-4908-41F9-84F4-F92B8A7B9687}"
EndProject
Project("{2150E333-8FDC-42A3-9474-1A3956D46DE8}") = "02 - Application", "02 - Application", "{C06E369B-0127-42A6-A046-96B3A575C1E1}"
EndProject
Project("{2150E333-8FDC-42A3-9474-1A3956D46DE8}") = "03 - Domain", "03 - Domain", "{6155732A-706C-4497-9688-9E67BA968C9C}"
EndProject
Project("{2150E333-8FDC-42A3-9474-1A3956D46DE8}") = "04 - Infrastructure", "04 - Infrastructure", "{B1DCD034-4E6C-4E92-A38D-150B18B65BD3}"
EndProject
Project("{FAE04EC0-301F-11D3-BF4B-00C04F79EFBC}") = "cqrs.template.application", "src\cqrs.template.application\cqrs.template.application.csproj", "{2592EADD-38BA-4B3E-A2C5-9C66C1D7E913}"
EndProject
Project("{FAE04EC0-301F-11D3-BF4B-00C04F79EFBC}") = "cqrs.template.domain", "src\cqrs.template.domain\cqrs.template.domain.csproj", "{FAF1DA31-C0AE-472F-A92E-66A490C1A1C6}"
EndProject
Project("{2150E333-8FDC-42A3-9474-1A3956D46DE8}") = "04.2 - Crosscutting", "04.2 - Crosscutting", "{F6CF824B-E87A-4267-B18F-BE9DF4591821}"
EndProject
Project("{FAE04EC0-301F-11D3-BF4B-00C04F79EFBC}") = "cqrs.template.infra.CrossCutting.IoC", "src\cqrs.template.infra.CrossCutting.IoC\cqrs.template.infra.CrossCutting.IoC.csproj", "{F0CCF860-E30D-4369-B85E-31B73152379A}"
EndProject
Project("{2150E333-8FDC-42A3-9474-1A3956D46DE8}") = "04.1 - Data", "04.1 - Data", "{8B76B6ED-B104-440D-A530-CA16664604FD}"
EndProject
Project("{FAE04EC0-301F-11D3-BF4B-00C04F79EFBC}") = "cqrs.template.infra.Data", "src\cqrs.template.infra.Data\cqrs.template.infra.Data.csproj", "{FEE1EE91-190A-4E79-894D-0D73EC54D424}"
EndProject
Global
	GlobalSection(SolutionConfigurationPlatforms) = preSolution
		Debug|Any CPU = Debug|Any CPU
		Release|Any CPU = Release|Any CPU
	EndGlobalSection
	GlobalSection(ProjectConfigurationPlatforms) = postSolution
		{2FA777D6-8B26-4380-9ABF-837C1C2A59E0}.Debug|Any CPU.ActiveCfg = Debug|Any CPU
		{2FA777D6-8B26-4380-9ABF-837C1C2A59E0}.Debug|Any CPU.Build.0 = Debug|Any CPU
		{2FA777D6-8B26-4380-9ABF-837C1C2A59E0}.Release|Any CPU.ActiveCfg = Release|Any CPU
		{2FA777D6-8B26-4380-9ABF-837C1C2A59E0}.Release|Any CPU.Build.0 = Release|Any CPU
		{2592EADD-38BA-4B3E-A2C5-9C66C1D7E913}.Debug|Any CPU.ActiveCfg = Debug|Any CPU
		{2592EADD-38BA-4B3E-A2C5-9C66C1D7E913}.Debug|Any CPU.Build.0 = Debug|Any CPU
		{2592EADD-38BA-4B3E-A2C5-9C66C1D7E913}.Release|Any CPU.ActiveCfg = Release|Any CPU
		{2592EADD-38BA-4B3E-A2C5-9C66C1D7E913}.Release|Any CPU.Build.0 = Release|Any CPU
		{FAF1DA31-C0AE-472F-A92E-66A490C1A1C6}.Debug|Any CPU.ActiveCfg = Debug|Any CPU
		{FAF1DA31-C0AE-472F-A92E-66A490C1A1C6}.Debug|Any CPU.Build.0 = Debug|Any CPU
		{FAF1DA31-C0AE-472F-A92E-66A490C1A1C6}.Release|Any CPU.ActiveCfg = Release|Any CPU
		{FAF1DA31-C0AE-472F-A92E-66A490C1A1C6}.Release|Any CPU.Build.0 = Release|Any CPU
		{F0CCF860-E30D-4369-B85E-31B73152379A}.Debug|Any CPU.ActiveCfg = Debug|Any CPU
		{F0CCF860-E30D-4369-B85E-31B73152379A}.Debug|Any CPU.Build.0 = Debug|Any CPU
		{F0CCF860-E30D-4369-B85E-31B73152379A}.Release|Any CPU.ActiveCfg = Release|Any CPU
		{F0CCF860-E30D-4369-B85E-31B73152379A}.Release|Any CPU.Build.0 = Release|Any CPU
		{FEE1EE91-190A-4E79-894D-0D73EC54D424}.Debug|Any CPU.ActiveCfg = Debug|Any CPU
		{FEE1EE91-190A-4E79-894D-0D73EC54D424}.Debug|Any CPU.Build.0 = Debug|Any CPU
		{FEE1EE91-190A-4E79-894D-0D73EC54D424}.Release|Any CPU.ActiveCfg = Release|Any CPU
		{FEE1EE91-190A-4E79-894D-0D73EC54D424}.Release|Any CPU.Build.0 = Release|Any CPU
	EndGlobalSection
	GlobalSection(NestedProjects) = preSolution
		{2FA777D6-8B26-4380-9ABF-837C1C2A59E0} = {9DBA9B17-4908-41F9-84F4-F92B8A7B9687}
		{2592EADD-38BA-4B3E-A2C5-9C66C1D7E913} = {C06E369B-0127-42A6-A046-96B3A575C1E1}
		{FAF1DA31-C0AE-472F-A92E-66A490C1A1C6} = {6155732A-706C-4497-9688-9E67BA968C9C}
		{F6CF824B-E87A-4267-B18F-BE9DF4591821} = {B1DCD034-4E6C-4E92-A38D-150B18B65BD3}
		{F0CCF860-E30D-4369-B85E-31B73152379A} = {F6CF824B-E87A-4267-B18F-BE9DF4591821}
		{8B76B6ED-B104-440D-A530-CA16664604FD} = {B1DCD034-4E6C-4E92-A38D-150B18B65BD3}
		{FEE1EE91-190A-4E79-894D-0D73EC54D424} = {8B76B6ED-B104-440D-A530-CA16664604FD}
	EndGlobalSection
EndGlobal
